
Microsoft Visual Studio Solution File, Format Version 12.00
# Visual Studio 15
Project("{FAE04EC0-301F-11D3-BF4B-00C04F79EFBC}") = "fhfh.Android", "fhfh.Android\fhfh.Android.csproj", "{904EC9FA-6887-4A3D-A2AA-0D77F87FA2FD}"
EndProject
Project("{FAE04EC0-301F-11D3-BF4B-00C04F79EFBC}") = "fhfh.iOS", "fhfh.iOS\fhfh.iOS.csproj", "{4DA84FDA-E434-4C64-AD83-5EBD233E5732}"
EndProject
Project("{FAE04EC0-301F-11D3-BF4B-00C04F79EFBC}") = "fhfh.UITests", "fhfh.UITests\fhfh.UITests.csproj", "{B19C892E-2628-4CA7-AD27-08D406A3B14B}"
EndProject
Project("{FAE04EC0-301F-11D3-BF4B-00C04F79EFBC}") = "fhfh", "fhfh\fhfh.csproj", "{BB3C6310-A5F7-4371-B1FF-79BBCBA27760}"
EndProject
Project("{FAE04EC0-301F-11D3-BF4B-00C04F79EFBC}") = "UserLibrary", "UserLibrary\UserLibrary.csproj", "{F7714279-277B-4193-BE97-DBFE7D1BC068}"
EndProject
Global
	GlobalSection(SolutionConfigurationPlatforms) = preSolution
		Debug|Any CPU = Debug|Any CPU
		Release|Any CPU = Release|Any CPU
		Debug|iPhoneSimulator = Debug|iPhoneSimulator
		Release|iPhoneSimulator = Release|iPhoneSimulator
		Debug|iPhone = Debug|iPhone
		Release|iPhone = Release|iPhone
		Ad-Hoc|iPhone = Ad-Hoc|iPhone
		AppStore|iPhone = AppStore|iPhone
	EndGlobalSection
	GlobalSection(ProjectConfigurationPlatforms) = postSolution
		{904EC9FA-6887-4A3D-A2AA-0D77F87FA2FD}.Debug|Any CPU.ActiveCfg = Debug|Any CPU
		{904EC9FA-6887-4A3D-A2AA-0D77F87FA2FD}.Debug|Any CPU.Build.0 = Debug|Any CPU
		{904EC9FA-6887-4A3D-A2AA-0D77F87FA2FD}.Release|Any CPU.ActiveCfg = Release|Any CPU
		{904EC9FA-6887-4A3D-A2AA-0D77F87FA2FD}.Release|Any CPU.Build.0 = Release|Any CPU
		{904EC9FA-6887-4A3D-A2AA-0D77F87FA2FD}.Debug|iPhoneSimulator.ActiveCfg = Debug|Any CPU
		{904EC9FA-6887-4A3D-A2AA-0D77F87FA2FD}.Debug|iPhoneSimulator.Build.0 = Debug|Any CPU
		{904EC9FA-6887-4A3D-A2AA-0D77F87FA2FD}.Release|iPhoneSimulator.ActiveCfg = Release|Any CPU
		{904EC9FA-6887-4A3D-A2AA-0D77F87FA2FD}.Release|iPhoneSimulator.Build.0 = Release|Any CPU
		{904EC9FA-6887-4A3D-A2AA-0D77F87FA2FD}.Debug|iPhone.ActiveCfg = Debug|Any CPU
		{904EC9FA-6887-4A3D-A2AA-0D77F87FA2FD}.Debug|iPhone.Build.0 = Debug|Any CPU
		{904EC9FA-6887-4A3D-A2AA-0D77F87FA2FD}.Release|iPhone.ActiveCfg = Release|Any CPU
		{904EC9FA-6887-4A3D-A2AA-0D77F87FA2FD}.Release|iPhone.Build.0 = Release|Any CPU
		{904EC9FA-6887-4A3D-A2AA-0D77F87FA2FD}.Ad-Hoc|iPhone.ActiveCfg = Debug|Any CPU
		{904EC9FA-6887-4A3D-A2AA-0D77F87FA2FD}.Ad-Hoc|iPhone.Build.0 = Debug|Any CPU
		{904EC9FA-6887-4A3D-A2AA-0D77F87FA2FD}.AppStore|iPhone.ActiveCfg = Debug|Any CPU
		{904EC9FA-6887-4A3D-A2AA-0D77F87FA2FD}.AppStore|iPhone.Build.0 = Debug|Any CPU
		{4DA84FDA-E434-4C64-AD83-5EBD233E5732}.Debug|Any CPU.ActiveCfg = Debug|iPhoneSimulator
		{4DA84FDA-E434-4C64-AD83-5EBD233E5732}.Debug|Any CPU.Build.0 = Debug|iPhoneSimulator
		{4DA84FDA-E434-4C64-AD83-5EBD233E5732}.Release|Any CPU.ActiveCfg = Release|iPhoneSimulator
		{4DA84FDA-E434-4C64-AD83-5EBD233E5732}.Release|Any CPU.Build.0 = Release|iPhoneSimulator
		{4DA84FDA-E434-4C64-AD83-5EBD233E5732}.Debug|iPhoneSimulator.ActiveCfg = Debug|iPhoneSimulator
		{4DA84FDA-E434-4C64-AD83-5EBD233E5732}.Debug|iPhoneSimulator.Build.0 = Debug|iPhoneSimulator
		{4DA84FDA-E434-4C64-AD83-5EBD233E5732}.Release|iPhoneSimulator.ActiveCfg = Release|iPhoneSimulator
		{4DA84FDA-E434-4C64-AD83-5EBD233E5732}.Release|iPhoneSimulator.Build.0 = Release|iPhoneSimulator
		{4DA84FDA-E434-4C64-AD83-5EBD233E5732}.Debug|iPhone.ActiveCfg = Debug|iPhone
		{4DA84FDA-E434-4C64-AD83-5EBD233E5732}.Debug|iPhone.Build.0 = Debug|iPhone
		{4DA84FDA-E434-4C64-AD83-5EBD233E5732}.Release|iPhone.ActiveCfg = Release|iPhone
		{4DA84FDA-E434-4C64-AD83-5EBD233E5732}.Release|iPhone.Build.0 = Release|iPhone
		{4DA84FDA-E434-4C64-AD83-5EBD233E5732}.Ad-Hoc|iPhone.ActiveCfg = Ad-Hoc|iPhone
		{4DA84FDA-E434-4C64-AD83-5EBD233E5732}.Ad-Hoc|iPhone.Build.0 = Ad-Hoc|iPhone
		{4DA84FDA-E434-4C64-AD83-5EBD233E5732}.AppStore|iPhone.ActiveCfg = AppStore|iPhone
		{4DA84FDA-E434-4C64-AD83-5EBD233E5732}.AppStore|iPhone.Build.0 = AppStore|iPhone
		{B19C892E-2628-4CA7-AD27-08D406A3B14B}.Debug|Any CPU.ActiveCfg = Debug|Any CPU
		{B19C892E-2628-4CA7-AD27-08D406A3B14B}.Debug|Any CPU.Build.0 = Debug|Any CPU
		{B19C892E-2628-4CA7-AD27-08D406A3B14B}.Release|Any CPU.ActiveCfg = Release|Any CPU
		{B19C892E-2628-4CA7-AD27-08D406A3B14B}.Release|Any CPU.Build.0 = Release|Any CPU
		{B19C892E-2628-4CA7-AD27-08D406A3B14B}.Debug|iPhoneSimulator.ActiveCfg = Debug|Any CPU
		{B19C892E-2628-4CA7-AD27-08D406A3B14B}.Debug|iPhoneSimulator.Build.0 = Debug|Any CPU
		{B19C892E-2628-4CA7-AD27-08D406A3B14B}.Release|iPhoneSimulator.ActiveCfg = Release|Any CPU
		{B19C892E-2628-4CA7-AD27-08D406A3B14B}.Release|iPhoneSimulator.Build.0 = Release|Any CPU
		{B19C892E-2628-4CA7-AD27-08D406A3B14B}.Debug|iPhone.ActiveCfg = Debug|Any CPU
		{B19C892E-2628-4CA7-AD27-08D406A3B14B}.Debug|iPhone.Build.0 = Debug|Any CPU
		{B19C892E-2628-4CA7-AD27-08D406A3B14B}.Release|iPhone.ActiveCfg = Release|Any CPU
		{B19C892E-2628-4CA7-AD27-08D406A3B14B}.Release|iPhone.Build.0 = Release|Any CPU
		{B19C892E-2628-4CA7-AD27-08D406A3B14B}.Ad-Hoc|iPhone.ActiveCfg = Debug|Any CPU
		{B19C892E-2628-4CA7-AD27-08D406A3B14B}.Ad-Hoc|iPhone.Build.0 = Debug|Any CPU
		{B19C892E-2628-4CA7-AD27-08D406A3B14B}.AppStore|iPhone.ActiveCfg = Debug|Any CPU
		{B19C892E-2628-4CA7-AD27-08D406A3B14B}.AppStore|iPhone.Build.0 = Debug|Any CPU
		{BB3C6310-A5F7-4371-B1FF-79BBCBA27760}.Debug|Any CPU.ActiveCfg = Debug|Any CPU
		{BB3C6310-A5F7-4371-B1FF-79BBCBA27760}.Debug|Any CPU.Build.0 = Debug|Any CPU
		{BB3C6310-A5F7-4371-B1FF-79BBCBA27760}.Release|Any CPU.ActiveCfg = Release|Any CPU
		{BB3C6310-A5F7-4371-B1FF-79BBCBA27760}.Release|Any CPU.Build.0 = Release|Any CPU
		{BB3C6310-A5F7-4371-B1FF-79BBCBA27760}.Debug|iPhoneSimulator.ActiveCfg = Debug|Any CPU
		{BB3C6310-A5F7-4371-B1FF-79BBCBA27760}.Debug|iPhoneSimulator.Build.0 = Debug|Any CPU
		{BB3C6310-A5F7-4371-B1FF-79BBCBA27760}.Release|iPhoneSimulator.ActiveCfg = Release|Any CPU
		{BB3C6310-A5F7-4371-B1FF-79BBCBA27760}.Release|iPhoneSimulator.Build.0 = Release|Any CPU
		{BB3C6310-A5F7-4371-B1FF-79BBCBA27760}.Debug|iPhone.ActiveCfg = Debug|Any CPU
		{BB3C6310-A5F7-4371-B1FF-79BBCBA27760}.Debug|iPhone.Build.0 = Debug|Any CPU
		{BB3C6310-A5F7-4371-B1FF-79BBCBA27760}.Release|iPhone.ActiveCfg = Release|Any CPU
		{BB3C6310-A5F7-4371-B1FF-79BBCBA27760}.Release|iPhone.Build.0 = Release|Any CPU
		{BB3C6310-A5F7-4371-B1FF-79BBCBA27760}.Ad-Hoc|iPhone.ActiveCfg = Debug|Any CPU
		{BB3C6310-A5F7-4371-B1FF-79BBCBA27760}.Ad-Hoc|iPhone.Build.0 = Debug|Any CPU
		{BB3C6310-A5F7-4371-B1FF-79BBCBA27760}.AppStore|iPhone.ActiveCfg = Debug|Any CPU
		{BB3C6310-A5F7-4371-B1FF-79BBCBA27760}.AppStore|iPhone.Build.0 = Debug|Any CPU
		{F7714279-277B-4193-BE97-DBFE7D1BC068}.Debug|Any CPU.ActiveCfg = Debug|Any CPU
		{F7714279-277B-4193-BE97-DBFE7D1BC068}.Debug|Any CPU.Build.0 = Debug|Any CPU
		{F7714279-277B-4193-BE97-DBFE7D1BC068}.Release|Any CPU.ActiveCfg = Release|Any CPU
		{F7714279-277B-4193-BE97-DBFE7D1BC068}.Release|Any CPU.Build.0 = Release|Any CPU
		{F7714279-277B-4193-BE97-DBFE7D1BC068}.Debug|iPhoneSimulator.ActiveCfg = Debug|Any CPU
		{F7714279-277B-4193-BE97-DBFE7D1BC068}.Debug|iPhoneSimulator.Build.0 = Debug|Any CPU
		{F7714279-277B-4193-BE97-DBFE7D1BC068}.Release|iPhoneSimulator.ActiveCfg = Release|Any CPU
		{F7714279-277B-4193-BE97-DBFE7D1BC068}.Release|iPhoneSimulator.Build.0 = Release|Any CPU
		{F7714279-277B-4193-BE97-DBFE7D1BC068}.Debug|iPhone.ActiveCfg = Debug|Any CPU
		{F7714279-277B-4193-BE97-DBFE7D1BC068}.Debug|iPhone.Build.0 = Debug|Any CPU
		{F7714279-277B-4193-BE97-DBFE7D1BC068}.Release|iPhone.ActiveCfg = Release|Any CPU
		{F7714279-277B-4193-BE97-DBFE7D1BC068}.Release|iPhone.Build.0 = Release|Any CPU
		{F7714279-277B-4193-BE97-DBFE7D1BC068}.Ad-Hoc|iPhone.ActiveCfg = Release|Any CPU
		{F7714279-277B-4193-BE97-DBFE7D1BC068}.Ad-Hoc|iPhone.Build.0 = Release|Any CPU
		{F7714279-277B-4193-BE97-DBFE7D1BC068}.AppStore|iPhone.ActiveCfg = Release|Any CPU
		{F7714279-277B-4193-BE97-DBFE7D1BC068}.AppStore|iPhone.Build.0 = Release|Any CPU
	EndGlobalSection
EndGlobal
